
Microsoft Visual Studio Solution File, Format Version 12.00
# Visual Studio Version 17
VisualStudioVersion = 17.3.32901.215
MinimumVisualStudioVersion = 10.0.40219.1
Project("{FAE04EC0-301F-11D3-BF4B-00C04F79EFBC}") = "Cipher GUI", "Cipher GUI\Cipher GUI.csproj", "{294ABF7C-7B84-4D26-95FB-EF49BF271BB7}"
EndProject
Global
	GlobalSection(SolutionConfigurationPlatforms) = preSolution
		Debug|Any CPU = Debug|Any CPU
		Release|Any CPU = Release|Any CPU
	EndGlobalSection
	GlobalSection(ProjectConfigurationPlatforms) = postSolution
		{294ABF7C-7B84-4D26-95FB-EF49BF271BB7}.Debug|Any CPU.ActiveCfg = Debug|Any CPU
		{294ABF7C-7B84-4D26-95FB-EF49BF271BB7}.Debug|Any CPU.Build.0 = Debug|Any CPU
		{294ABF7C-7B84-4D26-95FB-EF49BF271BB7}.Release|Any CPU.ActiveCfg = Release|Any CPU
		{294ABF7C-7B84-4D26-95FB-EF49BF271BB7}.Release|Any CPU.Build.0 = Release|Any CPU
	EndGlobalSection
	GlobalSection(SolutionProperties) = preSolution
		HideSolutionNode = FALSE
	EndGlobalSection
	GlobalSection(ExtensibilityGlobals) = postSolution
		SolutionGuid = {A295AFC4-1ED6-41A1-BA97-51B001652918}
	EndGlobalSection
EndGlobal
